{
  "name": "superx-xchat-sidecar",
  "version": "0.1.0",
  "lockfileVersion": 3,
  "requires": true,
  "packages": {
    "": {
      "name": "superx-xchat-sidecar",
      "version": "0.1.0",
      "dependencies": {
        "@xdevplatform/chat-xdk": "0.4.3"
      },
      "engines": {
        "node": ">=18"
      }
    },
    "node_modules/@xdevplatform/chat-xdk": {
      "version": "0.4.3",
      "resolved": "https://registry.npmjs.org/@xdevplatform/chat-xdk/-/chat-xdk-0.4.3.tgz",
      "integrity": "sha512-OoR2RRJlCfrOp/iOrLotcQwgxVuahc9lQIFLx5Odgq3EwdNik7KvNeDl5sE05C2k/5FAwM/iYxOSMJEsEelasQ==",
      "license": "MIT",
      "engines": {
        "node": ">=18"
      },
      "peerDependencies": {
        "juicebox-sdk": "^0.3.0"
      },
      "peerDependenciesMeta": {
        "juicebox-sdk": {
          "optional": true
        }
      }
    }
  }
}
